
Microsoft Visual Studio Solution File, Format Version 12.00
# Visual Studio Version 17
VisualStudioVersion = 17.3.32819.101
MinimumVisualStudioVersion = 10.0.40219.1
Project("{9A19103F-16F7-4668-BE54-9A1E7A4F7556}") = "CompanyEmployees", "CompanyEmployees\CompanyEmployees.csproj", "{CE83E7DA-6842-42D0-B9AB-C8F228C860C5}"
EndProject
Project("{9A19103F-16F7-4668-BE54-9A1E7A4F7556}") = "Contracts", "Contracts\Contracts.csproj", "{38B0CEA3-C6D1-4E41-B6EC-9F3DED59B353}"
EndProject
Project("{9A19103F-16F7-4668-BE54-9A1E7A4F7556}") = "LoggerService", "LoggerService\LoggerService.csproj", "{8CB0AD21-B39C-4082-B306-8C4F977A4AAE}"
EndProject
Project("{FAE04EC0-301F-11D3-BF4B-00C04F79EFBC}") = "Entities", "Entities\Entities.csproj", "{B8699659-D141-492F-B245-D2906DB8CEF9}"
EndProject
Project("{FAE04EC0-301F-11D3-BF4B-00C04F79EFBC}") = "Repository", "Repository\Repository.csproj", "{390C40EF-975B-4ACB-BA34-A3052496E55C}"
EndProject
Global
	GlobalSection(SolutionConfigurationPlatforms) = preSolution
		Debug|Any CPU = Debug|Any CPU
		Release|Any CPU = Release|Any CPU
	EndGlobalSection
	GlobalSection(ProjectConfigurationPlatforms) = postSolution
		{CE83E7DA-6842-42D0-B9AB-C8F228C860C5}.Debug|Any CPU.ActiveCfg = Debug|Any CPU
		{CE83E7DA-6842-42D0-B9AB-C8F228C860C5}.Debug|Any CPU.Build.0 = Debug|Any CPU
		{CE83E7DA-6842-42D0-B9AB-C8F228C860C5}.Release|Any CPU.ActiveCfg = Release|Any CPU
		{CE83E7DA-6842-42D0-B9AB-C8F228C860C5}.Release|Any CPU.Build.0 = Release|Any CPU
		{38B0CEA3-C6D1-4E41-B6EC-9F3DED59B353}.Debug|Any CPU.ActiveCfg = Debug|Any CPU
		{38B0CEA3-C6D1-4E41-B6EC-9F3DED59B353}.Debug|Any CPU.Build.0 = Debug|Any CPU
		{38B0CEA3-C6D1-4E41-B6EC-9F3DED59B353}.Release|Any CPU.ActiveCfg = Release|Any CPU
		{38B0CEA3-C6D1-4E41-B6EC-9F3DED59B353}.Release|Any CPU.Build.0 = Release|Any CPU
		{8CB0AD21-B39C-4082-B306-8C4F977A4AAE}.Debug|Any CPU.ActiveCfg = Debug|Any CPU
		{8CB0AD21-B39C-4082-B306-8C4F977A4AAE}.Debug|Any CPU.Build.0 = Debug|Any CPU
		{8CB0AD21-B39C-4082-B306-8C4F977A4AAE}.Release|Any CPU.ActiveCfg = Release|Any CPU
		{8CB0AD21-B39C-4082-B306-8C4F977A4AAE}.Release|Any CPU.Build.0 = Release|Any CPU
		{B8699659-D141-492F-B245-D2906DB8CEF9}.Debug|Any CPU.ActiveCfg = Debug|Any CPU
		{B8699659-D141-492F-B245-D2906DB8CEF9}.Debug|Any CPU.Build.0 = Debug|Any CPU
		{B8699659-D141-492F-B245-D2906DB8CEF9}.Release|Any CPU.ActiveCfg = Release|Any CPU
		{B8699659-D141-492F-B245-D2906DB8CEF9}.Release|Any CPU.Build.0 = Release|Any CPU
		{390C40EF-975B-4ACB-BA34-A3052496E55C}.Debug|Any CPU.ActiveCfg = Debug|Any CPU
		{390C40EF-975B-4ACB-BA34-A3052496E55C}.Debug|Any CPU.Build.0 = Debug|Any CPU
		{390C40EF-975B-4ACB-BA34-A3052496E55C}.Release|Any CPU.ActiveCfg = Release|Any CPU
		{390C40EF-975B-4ACB-BA34-A3052496E55C}.Release|Any CPU.Build.0 = Release|Any CPU
	EndGlobalSection
	GlobalSection(SolutionProperties) = preSolution
		HideSolutionNode = FALSE
	EndGlobalSection
	GlobalSection(ExtensibilityGlobals) = postSolution
		SolutionGuid = {0923F62D-EEF7-4D45-93E9-24462725CFE9}
	EndGlobalSection
EndGlobal
